<?xml version="1.0" encoding="utf-8"?>
<Project ToolsVersion="4.0" xmlns="http://schemas.microsoft.com/developer/msbuild/2003">
  <ItemGroup>
    <Filter Include="Source Files">
      <UniqueIdentifier>{4FC737F1-C7A5-4376-A066-2A32D752A2FF}</UniqueIdentifier>
      <Extensions>cpp;c;cc;cxx;def;odl;idl;hpj;bat;asm;asmx</Extensions>
    </Filter>
    <Filter Include="Header Files">
      <UniqueIdentifier>{93995380-89BD-4b04-88EB-625FBE52EBFB}</UniqueIdentifier>
      <Extensions>h;hh;hpp;hxx;hm;inl;inc;xsd</Extensions>
    </Filter>
    <Filter Include="Resource Files">
      <UniqueIdentifier>{67DA6AB6-F800-4c08-8B7A-83BB121AAD01}</UniqueIdentifier>
      <Extensions>rc;ico;cur;bmp;dlg;rc2;rct;bin;rgs;gif;jpg;jpeg;jpe;resx;tiff;tif;png;wav;mfcribbon-ms</Extensions>
    </Filter>
    <Filter Include="Source Files\gtest">
      <UniqueIdentifier>{921ae31e-d6c1-43cf-a7c3-77ee35855a42}</UniqueIdentifier>
    </Filter>
    <Filter Include="Header Files\gtest">
      <UniqueIdentifier>{df7937b4-0149-455d-afab-d23cf0164637}</UniqueIdentifier>
    </Filter>
  </ItemGroup>
  <ItemGroup>
    <ClCompile Include="..\test\gtest\src\gtest-all.cc">
      <Filter>Source Files\gtest</Filter>
    </ClCompile>
    <ClCompile Include="..\test\gtest\src\gtest_main.cc">
      <Filter>Source Files\gtest</Filter>
    </ClCompile>
  </ItemGroup>
  <ItemGroup>
    <ClInclude Include="..\test\gtest\include\gtest\gtest.h">
      <Filter>Header Files\gtest</Filter>
    </ClInclude>
    <ClInclude Include="..\test\gtest\include\gtest\gtest_pred_impl.h">
      <Filter>Header Files\gtest</Filter>
    </ClInclude>
    <ClInclude Include="..\test\gtest\include\gtest\gtest_prod.h">
      <Filter>Header Files\gtest</Filter>
    </ClInclude>
    <ClInclude Include="..\test\gtest\include\gtest\gtest-death-test.h">
      <Filter>Header Files\gtest</Filter>
    </ClInclude>
    <ClInclude Include="..\test\gtest\include\gtest\gtest-message.h">
      <Filter>Header Files\gtest</Filter>
    </ClInclude>
    <ClInclude Include="..\test\gtest\include\gtest\gtest-param-test.h">
      <Filter>Header Files\gtest</Filter>
    </ClInclude>
    <ClInclude Include="..\test\gtest\include\gtest\gtest-printers.h">
      <Filter>Header Files\gtest</Filter>
    </ClInclude>
    <ClInclude Include="..\test\gtest\include\gtest\gtest-spi.h">
      <Filter>Header Files\gtest</Filter>
    </ClInclude>
    <ClInclude Include="..\test\gtest\include\gtest\gtest-test-part.h">
      <Filter>Header Files\gtest</Filter>
    </ClInclude>
    <ClInclude Include="..\test\gtest\include\gtest\gtest-typed-test.h">
      <Filter>Header Files\gtest</Filter>
    </ClInclude>
  </ItemGroup>
</Project>